
Microsoft Visual Studio Solution File, Format Version 12.00
# Visual Studio Version 17
VisualStudioVersion = 17.0.31903.59
MinimumVisualStudioVersion = 10.0.40219.1
Project("{2150E333-8FDC-42A3-9474-1A3956D46DE8}") = "src", "src", "{827E0CD3-B72D-47B6-A68D-7590B98EB39B}"
EndProject
Project("{FAE04EC0-301F-11D3-BF4B-00C04F79EFBC}") = "SpatialTileBuilder.Core", "src\SpatialTileBuilder.Core\SpatialTileBuilder.Core.csproj", "{BB0BFF84-BE61-4AE1-BB63-79C498829E9A}"
EndProject
Project("{FAE04EC0-301F-11D3-BF4B-00C04F79EFBC}") = "SpatialTileBuilder.Infrastructure", "src\SpatialTileBuilder.Infrastructure\SpatialTileBuilder.Infrastructure.csproj", "{733DC5C4-7209-498E-A002-D25EFC5EC49D}"
EndProject
Project("{FAE04EC0-301F-11D3-BF4B-00C04F79EFBC}") = "SpatialTileBuilder.App", "src\SpatialTileBuilder.App\SpatialTileBuilder.App.csproj", "{B94751ED-BF99-4A6E-8C69-2CAAB23DF479}"
EndProject
Project("{2150E333-8FDC-42A3-9474-1A3956D46DE8}") = "tests", "tests", "{0AB3BF05-4346-4AA6-1389-037BE0695223}"
EndProject
Project("{FAE04EC0-301F-11D3-BF4B-00C04F79EFBC}") = "SpatialTileBuilder.Tests", "tests\SpatialTileBuilder.Tests\SpatialTileBuilder.Tests.csproj", "{E136A04C-161F-4818-ABC4-8F5009F594A6}"
EndProject
Global
	GlobalSection(SolutionConfigurationPlatforms) = preSolution
		Debug|Any CPU = Debug|Any CPU
		Debug|x64 = Debug|x64
		Debug|x86 = Debug|x86
		Release|Any CPU = Release|Any CPU
		Release|x64 = Release|x64
		Release|x86 = Release|x86
	EndGlobalSection
	GlobalSection(ProjectConfigurationPlatforms) = postSolution
		{BB0BFF84-BE61-4AE1-BB63-79C498829E9A}.Debug|Any CPU.ActiveCfg = Debug|Any CPU
		{BB0BFF84-BE61-4AE1-BB63-79C498829E9A}.Debug|Any CPU.Build.0 = Debug|Any CPU
		{BB0BFF84-BE61-4AE1-BB63-79C498829E9A}.Debug|x64.ActiveCfg = Debug|Any CPU
		{BB0BFF84-BE61-4AE1-BB63-79C498829E9A}.Debug|x64.Build.0 = Debug|Any CPU
		{BB0BFF84-BE61-4AE1-BB63-79C498829E9A}.Debug|x86.ActiveCfg = Debug|Any CPU
		{BB0BFF84-BE61-4AE1-BB63-79C498829E9A}.Debug|x86.Build.0 = Debug|Any CPU
		{BB0BFF84-BE61-4AE1-BB63-79C498829E9A}.Release|Any CPU.ActiveCfg = Release|Any CPU
		{BB0BFF84-BE61-4AE1-BB63-79C498829E9A}.Release|Any CPU.Build.0 = Release|Any CPU
		{BB0BFF84-BE61-4AE1-BB63-79C498829E9A}.Release|x64.ActiveCfg = Release|Any CPU
		{BB0BFF84-BE61-4AE1-BB63-79C498829E9A}.Release|x64.Build.0 = Release|Any CPU
		{BB0BFF84-BE61-4AE1-BB63-79C498829E9A}.Release|x86.ActiveCfg = Release|Any CPU
		{BB0BFF84-BE61-4AE1-BB63-79C498829E9A}.Release|x86.Build.0 = Release|Any CPU
		{733DC5C4-7209-498E-A002-D25EFC5EC49D}.Debug|Any CPU.ActiveCfg = Debug|Any CPU
		{733DC5C4-7209-498E-A002-D25EFC5EC49D}.Debug|Any CPU.Build.0 = Debug|Any CPU
		{733DC5C4-7209-498E-A002-D25EFC5EC49D}.Debug|x64.ActiveCfg = Debug|Any CPU
		{733DC5C4-7209-498E-A002-D25EFC5EC49D}.Debug|x64.Build.0 = Debug|Any CPU
		{733DC5C4-7209-498E-A002-D25EFC5EC49D}.Debug|x86.ActiveCfg = Debug|Any CPU
		{733DC5C4-7209-498E-A002-D25EFC5EC49D}.Debug|x86.Build.0 = Debug|Any CPU
		{733DC5C4-7209-498E-A002-D25EFC5EC49D}.Release|Any CPU.ActiveCfg = Release|Any CPU
		{733DC5C4-7209-498E-A002-D25EFC5EC49D}.Release|Any CPU.Build.0 = Release|Any CPU
		{733DC5C4-7209-498E-A002-D25EFC5EC49D}.Release|x64.ActiveCfg = Release|Any CPU
		{733DC5C4-7209-498E-A002-D25EFC5EC49D}.Release|x64.Build.0 = Release|Any CPU
		{733DC5C4-7209-498E-A002-D25EFC5EC49D}.Release|x86.ActiveCfg = Release|Any CPU
		{733DC5C4-7209-498E-A002-D25EFC5EC49D}.Release|x86.Build.0 = Release|Any CPU
		{B94751ED-BF99-4A6E-8C69-2CAAB23DF479}.Debug|Any CPU.ActiveCfg = Debug|Any CPU
		{B94751ED-BF99-4A6E-8C69-2CAAB23DF479}.Debug|Any CPU.Build.0 = Debug|Any CPU
		{B94751ED-BF99-4A6E-8C69-2CAAB23DF479}.Debug|x64.ActiveCfg = Debug|Any CPU
		{B94751ED-BF99-4A6E-8C69-2CAAB23DF479}.Debug|x64.Build.0 = Debug|Any CPU
		{B94751ED-BF99-4A6E-8C69-2CAAB23DF479}.Debug|x86.ActiveCfg = Debug|Any CPU
		{B94751ED-BF99-4A6E-8C69-2CAAB23DF479}.Debug|x86.Build.0 = Debug|Any CPU
		{B94751ED-BF99-4A6E-8C69-2CAAB23DF479}.Release|Any CPU.ActiveCfg = Release|Any CPU
		{B94751ED-BF99-4A6E-8C69-2CAAB23DF479}.Release|Any CPU.Build.0 = Release|Any CPU
		{B94751ED-BF99-4A6E-8C69-2CAAB23DF479}.Release|x64.ActiveCfg = Release|Any CPU
		{B94751ED-BF99-4A6E-8C69-2CAAB23DF479}.Release|x64.Build.0 = Release|Any CPU
		{B94751ED-BF99-4A6E-8C69-2CAAB23DF479}.Release|x86.ActiveCfg = Release|Any CPU
		{B94751ED-BF99-4A6E-8C69-2CAAB23DF479}.Release|x86.Build.0 = Release|Any CPU
		{E136A04C-161F-4818-ABC4-8F5009F594A6}.Debug|Any CPU.ActiveCfg = Debug|Any CPU
		{E136A04C-161F-4818-ABC4-8F5009F594A6}.Debug|Any CPU.Build.0 = Debug|Any CPU
		{E136A04C-161F-4818-ABC4-8F5009F594A6}.Debug|x64.ActiveCfg = Debug|Any CPU
		{E136A04C-161F-4818-ABC4-8F5009F594A6}.Debug|x64.Build.0 = Debug|Any CPU
		{E136A04C-161F-4818-ABC4-8F5009F594A6}.Debug|x86.ActiveCfg = Debug|Any CPU
		{E136A04C-161F-4818-ABC4-8F5009F594A6}.Debug|x86.Build.0 = Debug|Any CPU
		{E136A04C-161F-4818-ABC4-8F5009F594A6}.Release|Any CPU.ActiveCfg = Release|Any CPU
		{E136A04C-161F-4818-ABC4-8F5009F594A6}.Release|Any CPU.Build.0 = Release|Any CPU
		{E136A04C-161F-4818-ABC4-8F5009F594A6}.Release|x64.ActiveCfg = Release|Any CPU
		{E136A04C-161F-4818-ABC4-8F5009F594A6}.Release|x64.Build.0 = Release|Any CPU
		{E136A04C-161F-4818-ABC4-8F5009F594A6}.Release|x86.ActiveCfg = Release|Any CPU
		{E136A04C-161F-4818-ABC4-8F5009F594A6}.Release|x86.Build.0 = Release|Any CPU
	EndGlobalSection
	GlobalSection(SolutionProperties) = preSolution
		HideSolutionNode = FALSE
	EndGlobalSection
	GlobalSection(NestedProjects) = preSolution
		{BB0BFF84-BE61-4AE1-BB63-79C498829E9A} = {827E0CD3-B72D-47B6-A68D-7590B98EB39B}
		{733DC5C4-7209-498E-A002-D25EFC5EC49D} = {827E0CD3-B72D-47B6-A68D-7590B98EB39B}
		{B94751ED-BF99-4A6E-8C69-2CAAB23DF479} = {827E0CD3-B72D-47B6-A68D-7590B98EB39B}
		{E136A04C-161F-4818-ABC4-8F5009F594A6} = {0AB3BF05-4346-4AA6-1389-037BE0695223}
	EndGlobalSection
EndGlobal
